// !$*UTF8*$!
{
	archiveVersion = 1;
	classes = {
	};
	objectVersion = 46;
	objects = {

/* Begin PBXBuildFile section */
		22ABBF3B1F1A020D00685821 /* iOSwifterTests.m in Sources */ = {isa = PBXBuildFile; fileRef = 22ABBF3A1F1A020D00685821 /* iOSwifterTests.m */; };
		22ABBF461F1A020D00685821 /* iOSwifterUITests.m in Sources */ = {isa = PBXBuildFile; fileRef = 22ABBF451F1A020D00685821 /* iOSwifterUITests.m */; };
		22ABBF6D1F1A038900685821 /* AppDelegate.m in Sources */ = {isa = PBXBuildFile; fileRef = 22ABBF621F1A038900685821 /* AppDelegate.m */; };
		22ABBF6E1F1A038900685821 /* Info.plist in Resources */ = {isa = PBXBuildFile; fileRef = 22ABBF631F1A038900685821 /* Info.plist */; };
		22ABBF6F1F1A038900685821 /* LaunchScreen.storyboard in Resources */ = {isa = PBXBuildFile; fileRef = 22ABBF641F1A038900685821 /* LaunchScreen.storyboard */; };
		22ABBF701F1A038900685821 /* main.m in Sources */ = {isa = PBXBuildFile; fileRef = 22ABBF651F1A038900685821 /* main.m */; };
		22ABBF711F1A038900685821 /* Main.storyboard in Resources */ = {isa = PBXBuildFile; fileRef = 22ABBF661F1A038900685821 /* Main.storyboard */; };
		22ABBF721F1A038900685821 /* ViewController.m in Sources */ = {isa = PBXBuildFile; fileRef = 22ABBF681F1A038900685821 /* ViewController.m */; };
		22ABBF7C1F1A04AF00685821 /* AppDelegateServer.m in Sources */ = {isa = PBXBuildFile; fileRef = 22ABBF791F1A04AF00685821 /* AppDelegateServer.m */; };
		22ABBF7D1F1A04AF00685821 /* ASingletonClass.m in Sources */ = {isa = PBXBuildFile; fileRef = 22ABBF7B1F1A04AF00685821 /* ASingletonClass.m */; };
		22ABBF7F1F1A051200685821 /* Assets.xcassets in Resources */ = {isa = PBXBuildFile; fileRef = 22ABBF7E1F1A051200685821 /* Assets.xcassets */; };
		22ABBF811F1A084F00685821 /* AsyncDisplayKitController.swift in Sources */ = {isa = PBXBuildFile; fileRef = 22ABBF801F1A084F00685821 /* AsyncDisplayKitController.swift */; };
		22ABBF851F1A0F7200685821 /* Swift_Concept.md in Sources */ = {isa = PBXBuildFile; fileRef = 22ABBF841F1A0F7200685821 /* Swift_Concept.md */; };
		22ABBF871F1A0FF000685821 /* ZNSQLiteManager.swift in Sources */ = {isa = PBXBuildFile; fileRef = 22ABBF861F1A0FF000685821 /* ZNSQLiteManager.swift */; };
		22ABBF891F1A101300685821 /* Constant.swift in Sources */ = {isa = PBXBuildFile; fileRef = 22ABBF881F1A101300685821 /* Constant.swift */; };
		22ABBF8E1F1A104A00685821 /* String+Extension.swift in Sources */ = {isa = PBXBuildFile; fileRef = 22ABBF8B1F1A104A00685821 /* String+Extension.swift */; };
		22ABBF8F1F1A104A00685821 /* UIColor+Extension.swift in Sources */ = {isa = PBXBuildFile; fileRef = 22ABBF8C1F1A104A00685821 /* UIColor+Extension.swift */; };
		22ABBF901F1A104A00685821 /* UIView+Extension.swift in Sources */ = {isa = PBXBuildFile; fileRef = 22ABBF8D1F1A104A00685821 /* UIView+Extension.swift */; };
		22ABC0031F1A153C00685821 /* Animation.md in Sources */ = {isa = PBXBuildFile; fileRef = 22ABBFD11F1A153C00685821 /* Animation.md */; };
		22ABC0041F1A153C00685821 /* AnimationController.swift in Sources */ = {isa = PBXBuildFile; fileRef = 22ABBFD21F1A153C00685821 /* AnimationController.swift */; };
		22ABC0051F1A153C00685821 /* CABasicAnimationController.swift in Sources */ = {isa = PBXBuildFile; fileRef = 22ABBFD31F1A153C00685821 /* CABasicAnimationController.swift */; };
		22ABC0061F1A153C00685821 /* CAKeyframeAnimationController.swift in Sources */ = {isa = PBXBuildFile; fileRef = 22ABBFD41F1A153C00685821 /* CAKeyframeAnimationController.swift */; };
		22ABC0071F1A153C00685821 /* CASpringAnimViewController.swift in Sources */ = {isa = PBXBuildFile; fileRef = 22ABBFD51F1A153C00685821 /* CASpringAnimViewController.swift */; };
		22ABC0081F1A153C00685821 /* CATransitionController.swift in Sources */ = {isa = PBXBuildFile; fileRef = 22ABBFD61F1A153C00685821 /* CATransitionController.swift */; };
		22ABC0091F1A153C00685821 /* CircularView.m in Sources */ = {isa = PBXBuildFile; fileRef = 22ABBFDA1F1A153C00685821 /* CircularView.m */; };
		22ABC00A1F1A153C00685821 /* DashLine.m in Sources */ = {isa = PBXBuildFile; fileRef = 22ABBFDC1F1A153C00685821 /* DashLine.m */; };
		22ABC00B1F1A153C00685821 /* DrawViewController.m in Sources */ = {isa = PBXBuildFile; fileRef = 22ABBFDE1F1A153C00685821 /* DrawViewController.m */; };
		22ABC00C1F1A153C00685821 /* GradientView.m in Sources */ = {isa = PBXBuildFile; fileRef = 22ABBFE01F1A153C00685821 /* GradientView.m */; };
		22ABC00D1F1A153C00685821 /* DrawLineController.swift in Sources */ = {isa = PBXBuildFile; fileRef = 22ABBFE11F1A153C00685821 /* DrawLineController.swift */; };
		22ABC00E1F1A153C00685821 /* FireAnimController.swift in Sources */ = {isa = PBXBuildFile; fileRef = 22ABBFE21F1A153C00685821 /* FireAnimController.swift */; };
		22ABC00F1F1A153C00685821 /* DBSphereView.m in Sources */ = {isa = PBXBuildFile; fileRef = 22ABBFE81F1A153C00685821 /* DBSphereView.m */; };
		22ABC0101F1A153C00685821 /* ZNSphereController.swift in Sources */ = {isa = PBXBuildFile; fileRef = 22ABBFE91F1A153C00685821 /* ZNSphereController.swift */; };
		22ABC0111F1A153C00685821 /* WaterWaveController.swift in Sources */ = {isa = PBXBuildFile; fileRef = 22ABBFEA1F1A153C00685821 /* WaterWaveController.swift */; };
		22ABC0121F1A153C00685821 /* WaterWaveView.swift in Sources */ = {isa = PBXBuildFile; fileRef = 22ABBFEB1F1A153C00685821 /* WaterWaveView.swift */; };
		22ABC0131F1A153C00685821 /* DazFire.png in Resources */ = {isa = PBXBuildFile; fileRef = 22ABBFED1F1A153C00685821 /* DazFire.png */; };
		22ABC0141F1A153C00685821 /* from.jpg in Resources */ = {isa = PBXBuildFile; fileRef = 22ABBFEE1F1A153C00685821 /* from.jpg */; };
		22ABC0151F1A153C00685821 /* to.jpg in Resources */ = {isa = PBXBuildFile; fileRef = 22ABBFEF1F1A153C00685821 /* to.jpg */; };
		22ABC0161F1A153C00685821 /* Interface.storyboard in Resources */ = {isa = PBXBuildFile; fileRef = 22ABBFF11F1A153C00685821 /* Interface.storyboard */; };
		22ABC0171F1A153C00685821 /* InterfaceController.swift in Sources */ = {isa = PBXBuildFile; fileRef = 22ABBFF21F1A153C00685821 /* InterfaceController.swift */; };
		22ABC0181F1A153C00685821 /* InterfaceDetailController.storyboard in Resources */ = {isa = PBXBuildFile; fileRef = 22ABBFF31F1A153C00685821 /* InterfaceDetailController.storyboard */; };
		22ABC0191F1A153C00685821 /* InterfaceDetailController.swift in Sources */ = {isa = PBXBuildFile; fileRef = 22ABBFF41F1A153C00685821 /* InterfaceDetailController.swift */; };
		22ABC01A1F1A153C00685821 /* Swift.storyboard in Resources */ = {isa = PBXBuildFile; fileRef = 22ABBFF71F1A153C00685821 /* Swift.storyboard */; };
		22ABC01B1F1A153C00685821 /* ZNSwiftTableViewController.swift in Sources */ = {isa = PBXBuildFile; fileRef = 22ABBFF81F1A153C00685821 /* ZNSwiftTableViewController.swift */; };
		22ABC01C1F1A153C00685821 /* ZNTabBarController.m in Sources */ = {isa = PBXBuildFile; fileRef = 22ABBFFA1F1A153C00685821 /* ZNTabBarController.m */; };
		22ABC01D1F1A153C00685821 /* BaseModel.swift in Sources */ = {isa = PBXBuildFile; fileRef = 22ABBFFC1F1A153C00685821 /* BaseModel.swift */; };
		22ABC01E1F1A153C00685821 /* ObjcDescription.swift in Sources */ = {isa = PBXBuildFile; fileRef = 22ABBFFD1F1A153C00685821 /* ObjcDescription.swift */; };
		22ABC01F1F1A153C00685821 /* SampleModel.swift in Sources */ = {isa = PBXBuildFile; fileRef = 22ABBFFE1F1A153C00685821 /* SampleModel.swift */; };
		22ABC0201F1A153C00685821 /* SwiftDescription.swift in Sources */ = {isa = PBXBuildFile; fileRef = 22ABBFFF1F1A153C00685821 /* SwiftDescription.swift */; };
		22ABC0211F1A153C00685821 /* ZNIBDesignableView.m in Sources */ = {isa = PBXBuildFile; fileRef = 22ABC0021F1A153C00685821 /* ZNIBDesignableView.m */; };
		22B28A701F1DD87800BA3541 /* RxConceptController.swift in Sources */ = {isa = PBXBuildFile; fileRef = 22B28A6B1F1DD87800BA3541 /* RxConceptController.swift */; };
		22B28A711F1DD87800BA3541 /* RxTableViewCell.swift in Sources */ = {isa = PBXBuildFile; fileRef = 22B28A6C1F1DD87800BA3541 /* RxTableViewCell.swift */; };
		22B28A721F1DD87800BA3541 /* RxTableViewController.swift in Sources */ = {isa = PBXBuildFile; fileRef = 22B28A6D1F1DD87800BA3541 /* RxTableViewController.swift */; };
		22B28A731F1DD87800BA3541 /* RxUser.swift in Sources */ = {isa = PBXBuildFile; fileRef = 22B28A6E1F1DD87800BA3541 /* RxUser.swift */; };
		22B28A741F1DD87800BA3541 /* RxViewModel.swift in Sources */ = {isa = PBXBuildFile; fileRef = 22B28A6F1F1DD87800BA3541 /* RxViewModel.swift */; };
		22B28A761F1DDD1000BA3541 /* DevTool.md in Sources */ = {isa = PBXBuildFile; fileRef = 22B28A751F1DDD1000BA3541 /* DevTool.md */; };
		22E8EC181F1C8F2B00A73727 /* RxSwift.md in Sources */ = {isa = PBXBuildFile; fileRef = 22E8EC171F1C8F2B00A73727 /* RxSwift.md */; };
		22E8EC1E1F1C92E000A73727 /* POPReusableView.swift in Sources */ = {isa = PBXBuildFile; fileRef = 22E8EC1A1F1C92E000A73727 /* POPReusableView.swift */; };
		22E8EC1F1F1C92E000A73727 /* POPShakeable.swift in Sources */ = {isa = PBXBuildFile; fileRef = 22E8EC1B1F1C92E000A73727 /* POPShakeable.swift */; };
		22E8EC201F1C92E000A73727 /* POPViewController.swift in Sources */ = {isa = PBXBuildFile; fileRef = 22E8EC1C1F1C92E000A73727 /* POPViewController.swift */; };
		22E8EC211F1C92E000A73727 /* POPViewController.xib in Resources */ = {isa = PBXBuildFile; fileRef = 22E8EC1D1F1C92E000A73727 /* POPViewController.xib */; };
		22E8EC2C1F1C94C600A73727 /* UIDevice+ScreenModel.swift in Sources */ = {isa = PBXBuildFile; fileRef = 22E8EC2B1F1C94C600A73727 /* UIDevice+ScreenModel.swift */; };
		22E8EC2E1F1C958800A73727 /* ListViewController.swift in Sources */ = {isa = PBXBuildFile; fileRef = 22E8EC2D1F1C958800A73727 /* ListViewController.swift */; };
		22E8EC321F1C960300A73727 /* Singleton.swift in Sources */ = {isa = PBXBuildFile; fileRef = 22E8EC311F1C960300A73727 /* Singleton.swift */; };
		22E8EC341F1C962C00A73727 /* Optional.swift in Sources */ = {isa = PBXBuildFile; fileRef = 22E8EC331F1C962C00A73727 /* Optional.swift */; };
		22E8EC361F1C99EE00A73727 /* iOS11_Xcode9.md in Sources */ = {isa = PBXBuildFile; fileRef = 22E8EC351F1C99EE00A73727 /* iOS11_Xcode9.md */; };
		695998281F1FB44B0013AB9C /* Dev_Skill.md in Sources */ = {isa = PBXBuildFile; fileRef = 695998271F1FB44B0013AB9C /* Dev_Skill.md */; };
		69AB41BF1F1BB32A003913BE /* RACSampleViewController.m in Sources */ = {isa = PBXBuildFile; fileRef = 69AB41B51F1BB32A003913BE /* RACSampleViewController.m */; };
		69AB41C01F1BB32A003913BE /* RACSampleModel.m in Sources */ = {isa = PBXBuildFile; fileRef = 69AB41B81F1BB32A003913BE /* RACSampleModel.m */; };
		69AB41C11F1BB32A003913BE /* RACSampleViewModel.m in Sources */ = {isa = PBXBuildFile; fileRef = 69AB41BB1F1BB32A003913BE /* RACSampleViewModel.m */; };
		69AB41C21F1BB32A003913BE /* RACSampleView.m in Sources */ = {isa = PBXBuildFile; fileRef = 69AB41BE1F1BB32A003913BE /* RACSampleView.m */; };
		69ADE6321F1E5DBA0093FBD3 /* AutoLayout.md in Sources */ = {isa = PBXBuildFile; fileRef = 69ADE6311F1E5DBA0093FBD3 /* AutoLayout.md */; };
		69ADE6341F1E60A20093FBD3 /* Command.md in Sources */ = {isa = PBXBuildFile; fileRef = 69ADE6331F1E60A20093FBD3 /* Command.md */; };
		69ADE6361F1E61A50093FBD3 /* Tool_Install.md in Sources */ = {isa = PBXBuildFile; fileRef = 69ADE6351F1E61A50093FBD3 /* Tool_Install.md */; };
		69ADE63B1F1E62860093FBD3 /* NSDictionary+XHLogHelper.m in Sources */ = {isa = PBXBuildFile; fileRef = 69ADE6381F1E62860093FBD3 /* NSDictionary+XHLogHelper.m */; };
		69ADE63C1F1E62860093FBD3 /* UIButton+ImageTitleSpacing.m in Sources */ = {isa = PBXBuildFile; fileRef = 69ADE63A1F1E62860093FBD3 /* UIButton+ImageTitleSpacing.m */; };
		E485C169901456DD5CFAB25F /* Pods_iOSwifter.framework in Frameworks */ = {isa = PBXBuildFile; fileRef = FC9ED517C575AD5E28966542 /* Pods_iOSwifter.framework */; };
/* End PBXBuildFile section */

/* Begin PBXContainerItemProxy section */
		22ABBF371F1A020D00685821 /* PBXContainerItemProxy */ = {
			isa = PBXContainerItemProxy;
			containerPortal = 22ABBF151F1A020D00685821 /* Project object */;
			proxyType = 1;
			remoteGlobalIDString = 22ABBF1C1F1A020D00685821;
			remoteInfo = iOSwifter;
		};
		22ABBF421F1A020D00685821 /* PBXContainerItemProxy */ = {
			isa = PBXContainerItemProxy;
			containerPortal = 22ABBF151F1A020D00685821 /* Project object */;
			proxyType = 1;
			remoteGlobalIDString = 22ABBF1C1F1A020D00685821;
			remoteInfo = iOSwifter;
		};
/* End PBXContainerItemProxy section */

/* Begin PBXFileReference section */
		0E59F1C5EF081091500037A0 /* Pods-iOSwifter.release.xcconfig */ = {isa = PBXFileReference; includeInIndex = 1; lastKnownFileType = text.xcconfig; name = "Pods-iOSwifter.release.xcconfig"; path = "Pods/Target Support Files/Pods-iOSwifter/Pods-iOSwifter.release.xcconfig"; sourceTree = "<group>"; };
		22ABBF1D1F1A020D00685821 /* iOSwifter.app */ = {isa = PBXFileReference; explicitFileType = wrapper.application; includeInIndex = 0; path = iOSwifter.app; sourceTree = BUILT_PRODUCTS_DIR; };
		22ABBF361F1A020D00685821 /* iOSwifterTests.xctest */ = {isa = PBXFileReference; explicitFileType = wrapper.cfbundle; includeInIndex = 0; path = iOSwifterTests.xctest; sourceTree = BUILT_PRODUCTS_DIR; };
		22ABBF3A1F1A020D00685821 /* iOSwifterTests.m */ = {isa = PBXFileReference; lastKnownFileType = sourcecode.c.objc; path = iOSwifterTests.m; sourceTree = "<group>"; };
		22ABBF3C1F1A020D00685821 /* Info.plist */ = {isa = PBXFileReference; lastKnownFileType = text.plist.xml; path = Info.plist; sourceTree = "<group>"; };
		22ABBF411F1A020D00685821 /* iOSwifterUITests.xctest */ = {isa = PBXFileReference; explicitFileType = wrapper.cfbundle; includeInIndex = 0; path = iOSwifterUITests.xctest; sourceTree = BUILT_PRODUCTS_DIR; };
		22ABBF451F1A020D00685821 /* iOSwifterUITests.m */ = {isa = PBXFileReference; lastKnownFileType = sourcecode.c.objc; path = iOSwifterUITests.m; sourceTree = "<group>"; };
		22ABBF471F1A020D00685821 /* Info.plist */ = {isa = PBXFileReference; lastKnownFileType = text.plist.xml; path = Info.plist; sourceTree = "<group>"; };
		22ABBF551F1A031B00685821 /* Main.h */ = {isa = PBXFileReference; fileEncoding = 4; lastKnownFileType = sourcecode.c.h; path = Main.h; sourceTree = "<group>"; };
		22ABBF561F1A031B00685821 /* MVC.h */ = {isa = PBXFileReference; fileEncoding = 4; lastKnownFileType = sourcecode.c.h; path = MVC.h; sourceTree = "<group>"; };
		22ABBF571F1A031B00685821 /* Runtime.h */ = {isa = PBXFileReference; fileEncoding = 4; lastKnownFileType = sourcecode.c.h; path = Runtime.h; sourceTree = "<group>"; };
		22ABBF581F1A031B00685821 /* UIView.h */ = {isa = PBXFileReference; fileEncoding = 4; lastKnownFileType = sourcecode.c.h; path = UIView.h; sourceTree = "<group>"; };
		22ABBF591F1A031B00685821 /* Xcode.h */ = {isa = PBXFileReference; fileEncoding = 4; lastKnownFileType = sourcecode.c.h; path = Xcode.h; sourceTree = "<group>"; };
		22ABBF611F1A038900685821 /* AppDelegate.h */ = {isa = PBXFileReference; fileEncoding = 4; lastKnownFileType = sourcecode.c.h; path = AppDelegate.h; sourceTree = "<group>"; };
		22ABBF621F1A038900685821 /* AppDelegate.m */ = {isa = PBXFileReference; fileEncoding = 4; lastKnownFileType = sourcecode.c.objc; path = AppDelegate.m; sourceTree = "<group>"; };
		22ABBF631F1A038900685821 /* Info.plist */ = {isa = PBXFileReference; fileEncoding = 4; lastKnownFileType = text.plist.xml; path = Info.plist; sourceTree = "<group>"; };
		22ABBF641F1A038900685821 /* LaunchScreen.storyboard */ = {isa = PBXFileReference; fileEncoding = 4; lastKnownFileType = file.storyboard; path = LaunchScreen.storyboard; sourceTree = "<group>"; };
		22ABBF651F1A038900685821 /* main.m */ = {isa = PBXFileReference; fileEncoding = 4; lastKnownFileType = sourcecode.c.objc; path = main.m; sourceTree = "<group>"; };
		22ABBF661F1A038900685821 /* Main.storyboard */ = {isa = PBXFileReference; fileEncoding = 4; lastKnownFileType = file.storyboard; path = Main.storyboard; sourceTree = "<group>"; };
		22ABBF671F1A038900685821 /* ViewController.h */ = {isa = PBXFileReference; fileEncoding = 4; lastKnownFileType = sourcecode.c.h; path = ViewController.h; sourceTree = "<group>"; };
		22ABBF681F1A038900685821 /* ViewController.m */ = {isa = PBXFileReference; fileEncoding = 4; lastKnownFileType = sourcecode.c.objc; path = ViewController.m; sourceTree = "<group>"; };
		22ABBF741F1A03E100685821 /* iOSwifter-Bridging-Header.h */ = {isa = PBXFileReference; lastKnownFileType = sourcecode.c.h; path = "iOSwifter-Bridging-Header.h"; sourceTree = "<group>"; };
		22ABBF771F1A042000685821 /* iOSwifter.pch */ = {isa = PBXFileReference; lastKnownFileType = sourcecode.c.h; path = iOSwifter.pch; sourceTree = "<group>"; };
		22ABBF781F1A04AF00685821 /* AppDelegateServer.h */ = {isa = PBXFileReference; fileEncoding = 4; lastKnownFileType = sourcecode.c.h; path = AppDelegateServer.h; sourceTree = "<group>"; };
		22ABBF791F1A04AF00685821 /* AppDelegateServer.m */ = {isa = PBXFileReference; fileEncoding = 4; lastKnownFileType = sourcecode.c.objc; path = AppDelegateServer.m; sourceTree = "<group>"; };
		22ABBF7A1F1A04AF00685821 /* ASingletonClass.h */ = {isa = PBXFileReference; fileEncoding = 4; lastKnownFileType = sourcecode.c.h; path = ASingletonClass.h; sourceTree = "<group>"; };
		22ABBF7B1F1A04AF00685821 /* ASingletonClass.m */ = {isa = PBXFileReference; fileEncoding = 4; lastKnownFileType = sourcecode.c.objc; path = ASingletonClass.m; sourceTree = "<group>"; };
		22ABBF7E1F1A051200685821 /* Assets.xcassets */ = {isa = PBXFileReference; lastKnownFileType = folder.assetcatalog; path = Assets.xcassets; sourceTree = "<group>"; };
		22ABBF801F1A084F00685821 /* AsyncDisplayKitController.swift */ = {isa = PBXFileReference; fileEncoding = 4; lastKnownFileType = sourcecode.swift; path = AsyncDisplayKitController.swift; sourceTree = "<group>"; };
		22ABBF841F1A0F7200685821 /* Swift_Concept.md */ = {isa = PBXFileReference; fileEncoding = 4; lastKnownFileType = net.daringfireball.markdown; path = Swift_Concept.md; sourceTree = "<group>"; };
		22ABBF861F1A0FF000685821 /* ZNSQLiteManager.swift */ = {isa = PBXFileReference; fileEncoding = 4; lastKnownFileType = sourcecode.swift; path = ZNSQLiteManager.swift; sourceTree = "<group>"; };
		22ABBF881F1A101300685821 /* Constant.swift */ = {isa = PBXFileReference; fileEncoding = 4; lastKnownFileType = sourcecode.swift; path = Constant.swift; sourceTree = "<group>"; };
		22ABBF8B1F1A104A00685821 /* String+Extension.swift */ = {isa = PBXFileReference; fileEncoding = 4; lastKnownFileType = sourcecode.swift; path = "String+Extension.swift"; sourceTree = "<group>"; };
		22ABBF8C1F1A104A00685821 /* UIColor+Extension.swift */ = {isa = PBXFileReference; fileEncoding = 4; lastKnownFileType = sourcecode.swift; path = "UIColor+Extension.swift"; sourceTree = "<group>"; };
		22ABBF8D1F1A104A00685821 /* UIView+Extension.swift */ = {isa = PBXFileReference; fileEncoding = 4; lastKnownFileType = sourcecode.swift; path = "UIView+Extension.swift"; sourceTree = "<group>"; };
		22ABBF911F1A113200685821 /* Image.h */ = {isa = PBXFileReference; lastKnownFileType = sourcecode.c.h; path = Image.h; sourceTree = "<group>"; };
		22ABBFD11F1A153C00685821 /* Animation.md */ = {isa = PBXFileReference; fileEncoding = 4; lastKnownFileType = net.daringfireball.markdown; path = Animation.md; sourceTree = "<group>"; };
		22ABBFD21F1A153C00685821 /* AnimationController.swift */ = {isa = PBXFileReference; fileEncoding = 4; lastKnownFileType = sourcecode.swift; path = AnimationController.swift; sourceTree = "<group>"; };
		22ABBFD31F1A153C00685821 /* CABasicAnimationController.swift */ = {isa = PBXFileReference; fileEncoding = 4; lastKnownFileType = sourcecode.swift; path = CABasicAnimationController.swift; sourceTree = "<group>"; };
		22ABBFD41F1A153C00685821 /* CAKeyframeAnimationController.swift */ = {isa = PBXFileReference; fileEncoding = 4; lastKnownFileType = sourcecode.swift; path = CAKeyframeAnimationController.swift; sourceTree = "<group>"; };
		22ABBFD51F1A153C00685821 /* CASpringAnimViewController.swift */ = {isa = PBXFileReference; fileEncoding = 4; lastKnownFileType = sourcecode.swift; path = CASpringAnimViewController.swift; sourceTree = "<group>"; };
		22ABBFD61F1A153C00685821 /* CATransitionController.swift */ = {isa = PBXFileReference; fileEncoding = 4; lastKnownFileType = sourcecode.swift; path = CATransitionController.swift; sourceTree = "<group>"; };
		22ABBFD91F1A153C00685821 /* CircularView.h */ = {isa = PBXFileReference; fileEncoding = 4; lastKnownFileType = sourcecode.c.h; path = CircularView.h; sourceTree = "<group>"; };
		22ABBFDA1F1A153C00685821 /* CircularView.m */ = {isa = PBXFileReference; fileEncoding = 4; lastKnownFileType = sourcecode.c.objc; path = CircularView.m; sourceTree = "<group>"; };
		22ABBFDB1F1A153C00685821 /* DashLine.h */ = {isa = PBXFileReference; fileEncoding = 4; lastKnownFileType = sourcecode.c.h; path = DashLine.h; sourceTree = "<group>"; };
		22ABBFDC1F1A153C00685821 /* DashLine.m */ = {isa = PBXFileReference; fileEncoding = 4; lastKnownFileType = sourcecode.c.objc; path = DashLine.m; sourceTree = "<group>"; };
		22ABBFDD1F1A153C00685821 /* DrawViewController.h */ = {isa = PBXFileReference; fileEncoding = 4; lastKnownFileType = sourcecode.c.h; path = DrawViewController.h; sourceTree = "<group>"; };
		22ABBFDE1F1A153C00685821 /* DrawViewController.m */ = {isa = PBXFileReference; fileEncoding = 4; lastKnownFileType = sourcecode.c.objc; path = DrawViewController.m; sourceTree = "<group>"; };
		22ABBFDF1F1A153C00685821 /* GradientView.h */ = {isa = PBXFileReference; fileEncoding = 4; lastKnownFileType = sourcecode.c.h; path = GradientView.h; sourceTree = "<group>"; };
		22ABBFE01F1A153C00685821 /* GradientView.m */ = {isa = PBXFileReference; fileEncoding = 4; lastKnownFileType = sourcecode.c.objc; path = GradientView.m; sourceTree = "<group>"; };
		22ABBFE11F1A153C00685821 /* DrawLineController.swift */ = {isa = PBXFileReference; fileEncoding = 4; lastKnownFileType = sourcecode.swift; path = DrawLineController.swift; sourceTree = "<group>"; };
		22ABBFE21F1A153C00685821 /* FireAnimController.swift */ = {isa = PBXFileReference; fileEncoding = 4; lastKnownFileType = sourcecode.swift; path = FireAnimController.swift; sourceTree = "<group>"; };
		22ABBFE51F1A153C00685821 /* DBMatrix.h */ = {isa = PBXFileReference; fileEncoding = 4; lastKnownFileType = sourcecode.c.h; path = DBMatrix.h; sourceTree = "<group>"; };
		22ABBFE61F1A153C00685821 /* DBPoint.h */ = {isa = PBXFileReference; fileEncoding = 4; lastKnownFileType = sourcecode.c.h; path = DBPoint.h; sourceTree = "<group>"; };
		22ABBFE71F1A153C00685821 /* DBSphereView.h */ = {isa = PBXFileReference; fileEncoding = 4; lastKnownFileType = sourcecode.c.h; path = DBSphereView.h; sourceTree = "<group>"; };
		22ABBFE81F1A153C00685821 /* DBSphereView.m */ = {isa = PBXFileReference; fileEncoding = 4; lastKnownFileType = sourcecode.c.objc; path = DBSphereView.m; sourceTree = "<group>"; };
		22ABBFE91F1A153C00685821 /* ZNSphereController.swift */ = {isa = PBXFileReference; fileEncoding = 4; lastKnownFileType = sourcecode.swift; path = ZNSphereController.swift; sourceTree = "<group>"; };
		22ABBFEA1F1A153C00685821 /* WaterWaveController.swift */ = {isa = PBXFileReference; fileEncoding = 4; lastKnownFileType = sourcecode.swift; path = WaterWaveController.swift; sourceTree = "<group>"; };
		22ABBFEB1F1A153C00685821 /* WaterWaveView.swift */ = {isa = PBXFileReference; fileEncoding = 4; lastKnownFileType = sourcecode.swift; path = WaterWaveView.swift; sourceTree = "<group>"; };
		22ABBFED1F1A153C00685821 /* DazFire.png */ = {isa = PBXFileReference; lastKnownFileType = image.png; path = DazFire.png; sourceTree = "<group>"; };
		22ABBFEE1F1A153C00685821 /* from.jpg */ = {isa = PBXFileReference; lastKnownFileType = image.jpeg; path = from.jpg; sourceTree = "<group>"; };
		22ABBFEF1F1A153C00685821 /* to.jpg */ = {isa = PBXFileReference; lastKnownFileType = image.jpeg; path = to.jpg; sourceTree = "<group>"; };
		22ABBFF11F1A153C00685821 /* Interface.storyboard */ = {isa = PBXFileReference; fileEncoding = 4; lastKnownFileType = file.storyboard; path = Interface.storyboard; sourceTree = "<group>"; };
		22ABBFF21F1A153C00685821 /* InterfaceController.swift */ = {isa = PBXFileReference; fileEncoding = 4; lastKnownFileType = sourcecode.swift; path = InterfaceController.swift; sourceTree = "<group>"; };
		22ABBFF31F1A153C00685821 /* InterfaceDetailController.storyboard */ = {isa = PBXFileReference; fileEncoding = 4; lastKnownFileType = file.storyboard; path = InterfaceDetailController.storyboard; sourceTree = "<group>"; };
		22ABBFF41F1A153C00685821 /* InterfaceDetailController.swift */ = {isa = PBXFileReference; fileEncoding = 4; lastKnownFileType = sourcecode.swift; path = InterfaceDetailController.swift; sourceTree = "<group>"; };
		22ABBFF71F1A153C00685821 /* Swift.storyboard */ = {isa = PBXFileReference; fileEncoding = 4; lastKnownFileType = file.storyboard; path = Swift.storyboard; sourceTree = "<group>"; };
		22ABBFF81F1A153C00685821 /* ZNSwiftTableViewController.swift */ = {isa = PBXFileReference; fileEncoding = 4; lastKnownFileType = sourcecode.swift; path = ZNSwiftTableViewController.swift; sourceTree = "<group>"; };
		22ABBFF91F1A153C00685821 /* ZNTabBarController.h */ = {isa = PBXFileReference; fileEncoding = 4; lastKnownFileType = sourcecode.c.h; path = ZNTabBarController.h; sourceTree = "<group>"; };
		22ABBFFA1F1A153C00685821 /* ZNTabBarController.m */ = {isa = PBXFileReference; fileEncoding = 4; lastKnownFileType = sourcecode.c.objc; path = ZNTabBarController.m; sourceTree = "<group>"; };
		22ABBFFC1F1A153C00685821 /* BaseModel.swift */ = {isa = PBXFileReference; fileEncoding = 4; lastKnownFileType = sourcecode.swift; path = BaseModel.swift; sourceTree = "<group>"; };
		22ABBFFD1F1A153C00685821 /* ObjcDescription.swift */ = {isa = PBXFileReference; fileEncoding = 4; lastKnownFileType = sourcecode.swift; path = ObjcDescription.swift; sourceTree = "<group>"; };
		22ABBFFE1F1A153C00685821 /* SampleModel.swift */ = {isa = PBXFileReference; fileEncoding = 4; lastKnownFileType = sourcecode.swift; path = SampleModel.swift; sourceTree = "<group>"; };
		22ABBFFF1F1A153C00685821 /* SwiftDescription.swift */ = {isa = PBXFileReference; fileEncoding = 4; lastKnownFileType = sourcecode.swift; path = SwiftDescription.swift; sourceTree = "<group>"; };
		22ABC0011F1A153C00685821 /* ZNIBDesignableView.h */ = {isa = PBXFileReference; fileEncoding = 4; lastKnownFileType = sourcecode.c.h; path = ZNIBDesignableView.h; sourceTree = "<group>"; };
		22ABC0021F1A153C00685821 /* ZNIBDesignableView.m */ = {isa = PBXFileReference; fileEncoding = 4; lastKnownFileType = sourcecode.c.objc; path = ZNIBDesignableView.m; sourceTree = "<group>"; };
		22B28A6B1F1DD87800BA3541 /* RxConceptController.swift */ = {isa = PBXFileReference; fileEncoding = 4; lastKnownFileType = sourcecode.swift; path = RxConceptController.swift; sourceTree = "<group>"; };
		22B28A6C1F1DD87800BA3541 /* RxTableViewCell.swift */ = {isa = PBXFileReference; fileEncoding = 4; lastKnownFileType = sourcecode.swift; path = RxTableViewCell.swift; sourceTree = "<group>"; };
		22B28A6D1F1DD87800BA3541 /* RxTableViewController.swift */ = {isa = PBXFileReference; fileEncoding = 4; lastKnownFileType = sourcecode.swift; path = RxTableViewController.swift; sourceTree = "<group>"; };
		22B28A6E1F1DD87800BA3541 /* RxUser.swift */ = {isa = PBXFileReference; fileEncoding = 4; lastKnownFileType = sourcecode.swift; path = RxUser.swift; sourceTree = "<group>"; };
		22B28A6F1F1DD87800BA3541 /* RxViewModel.swift */ = {isa = PBXFileReference; fileEncoding = 4; lastKnownFileType = sourcecode.swift; path = RxViewModel.swift; sourceTree = "<group>"; };
		22B28A751F1DDD1000BA3541 /* DevTool.md */ = {isa = PBXFileReference; fileEncoding = 4; lastKnownFileType = net.daringfireball.markdown; path = DevTool.md; sourceTree = "<group>"; };
		22E8EC171F1C8F2B00A73727 /* RxSwift.md */ = {isa = PBXFileReference; fileEncoding = 4; lastKnownFileType = net.daringfireball.markdown; path = RxSwift.md; sourceTree = "<group>"; };
		22E8EC1A1F1C92E000A73727 /* POPReusableView.swift */ = {isa = PBXFileReference; fileEncoding = 4; lastKnownFileType = sourcecode.swift; path = POPReusableView.swift; sourceTree = "<group>"; };
		22E8EC1B1F1C92E000A73727 /* POPShakeable.swift */ = {isa = PBXFileReference; fileEncoding = 4; lastKnownFileType = sourcecode.swift; path = POPShakeable.swift; sourceTree = "<group>"; };
		22E8EC1C1F1C92E000A73727 /* POPViewController.swift */ = {isa = PBXFileReference; fileEncoding = 4; lastKnownFileType = sourcecode.swift; path = POPViewController.swift; sourceTree = "<group>"; };
		22E8EC1D1F1C92E000A73727 /* POPViewController.xib */ = {isa = PBXFileReference; fileEncoding = 4; lastKnownFileType = file.xib; path = POPViewController.xib; sourceTree = "<group>"; };
		22E8EC2B1F1C94C600A73727 /* UIDevice+ScreenModel.swift */ = {isa = PBXFileReference; fileEncoding = 4; lastKnownFileType = sourcecode.swift; path = "UIDevice+ScreenModel.swift"; sourceTree = "<group>"; };
		22E8EC2D1F1C958800A73727 /* ListViewController.swift */ = {isa = PBXFileReference; fileEncoding = 4; lastKnownFileType = sourcecode.swift; path = ListViewController.swift; sourceTree = "<group>"; };
		22E8EC311F1C960300A73727 /* Singleton.swift */ = {isa = PBXFileReference; fileEncoding = 4; lastKnownFileType = sourcecode.swift; path = Singleton.swift; sourceTree = "<group>"; };
		22E8EC331F1C962C00A73727 /* Optional.swift */ = {isa = PBXFileReference; fileEncoding = 4; lastKnownFileType = sourcecode.swift; path = Optional.swift; sourceTree = "<group>"; };
		22E8EC351F1C99EE00A73727 /* iOS11_Xcode9.md */ = {isa = PBXFileReference; fileEncoding = 4; lastKnownFileType = net.daringfireball.markdown; path = iOS11_Xcode9.md; sourceTree = "<group>"; };
		695998271F1FB44B0013AB9C /* Dev_Skill.md */ = {isa = PBXFileReference; fileEncoding = 4; lastKnownFileType = net.daringfireball.markdown; path = Dev_Skill.md; sourceTree = "<group>"; };
		69AB41B41F1BB329003913BE /* RACSampleViewController.h */ = {isa = PBXFileReference; fileEncoding = 4; lastKnownFileType = sourcecode.c.h; path = RACSampleViewController.h; sourceTree = "<group>"; };
		69AB41B51F1BB32A003913BE /* RACSampleViewController.m */ = {isa = PBXFileReference; fileEncoding = 4; lastKnownFileType = sourcecode.c.objc; path = RACSampleViewController.m; sourceTree = "<group>"; };
		69AB41B71F1BB32A003913BE /* RACSampleModel.h */ = {isa = PBXFileReference; fileEncoding = 4; lastKnownFileType = sourcecode.c.h; path = RACSampleModel.h; sourceTree = "<group>"; };
		69AB41B81F1BB32A003913BE /* RACSampleModel.m */ = {isa = PBXFileReference; fileEncoding = 4; lastKnownFileType = sourcecode.c.objc; path = RACSampleModel.m; sourceTree = "<group>"; };
		69AB41BA1F1BB32A003913BE /* RACSampleViewModel.h */ = {isa = PBXFileReference; fileEncoding = 4; lastKnownFileType = sourcecode.c.h; path = RACSampleViewModel.h; sourceTree = "<group>"; };
		69AB41BB1F1BB32A003913BE /* RACSampleViewModel.m */ = {isa = PBXFileReference; fileEncoding = 4; lastKnownFileType = sourcecode.c.objc; path = RACSampleViewModel.m; sourceTree = "<group>"; };
		69AB41BD1F1BB32A003913BE /* RACSampleView.h */ = {isa = PBXFileReference; fileEncoding = 4; lastKnownFileType = sourcecode.c.h; path = RACSampleView.h; sourceTree = "<group>"; };
		69AB41BE1F1BB32A003913BE /* RACSampleView.m */ = {isa = PBXFileReference; fileEncoding = 4; lastKnownFileType = sourcecode.c.objc; path = RACSampleView.m; sourceTree = "<group>"; };
		69ADE6311F1E5DBA0093FBD3 /* AutoLayout.md */ = {isa = PBXFileReference; fileEncoding = 4; lastKnownFileType = net.daringfireball.markdown; path = AutoLayout.md; sourceTree = "<group>"; };
		69ADE6331F1E60A20093FBD3 /* Command.md */ = {isa = PBXFileReference; fileEncoding = 4; lastKnownFileType = net.daringfireball.markdown; path = Command.md; sourceTree = "<group>"; };
		69ADE6351F1E61A50093FBD3 /* Tool_Install.md */ = {isa = PBXFileReference; fileEncoding = 4; lastKnownFileType = net.daringfireball.markdown; path = Tool_Install.md; sourceTree = "<group>"; };
		69ADE6371F1E62860093FBD3 /* NSDictionary+XHLogHelper.h */ = {isa = PBXFileReference; fileEncoding = 4; lastKnownFileType = sourcecode.c.h; path = "NSDictionary+XHLogHelper.h"; sourceTree = "<group>"; };
		69ADE6381F1E62860093FBD3 /* NSDictionary+XHLogHelper.m */ = {isa = PBXFileReference; fileEncoding = 4; lastKnownFileType = sourcecode.c.objc; path = "NSDictionary+XHLogHelper.m"; sourceTree = "<group>"; };
		69ADE6391F1E62860093FBD3 /* UIButton+ImageTitleSpacing.h */ = {isa = PBXFileReference; fileEncoding = 4; lastKnownFileType = sourcecode.c.h; path = "UIButton+ImageTitleSpacing.h"; sourceTree = "<group>"; };
		69ADE63A1F1E62860093FBD3 /* UIButton+ImageTitleSpacing.m */ = {isa = PBXFileReference; fileEncoding = 4; lastKnownFileType = sourcecode.c.objc; path = "UIButton+ImageTitleSpacing.m"; sourceTree = "<group>"; };
		BDDC47E0ACDC6191B3B7EF39 /* Pods-iOSwifter.debug.xcconfig */ = {isa = PBXFileReference; includeInIndex = 1; lastKnownFileType = text.xcconfig; name = "Pods-iOSwifter.debug.xcconfig"; path = "Pods/Target Support Files/Pods-iOSwifter/Pods-iOSwifter.debug.xcconfig"; sourceTree = "<group>"; };
		FC9ED517C575AD5E28966542 /* Pods_iOSwifter.framework */ = {isa = PBXFileReference; explicitFileType = wrapper.framework; includeInIndex = 0; path = Pods_iOSwifter.framework; sourceTree = BUILT_PRODUCTS_DIR; };
/* End PBXFileReference section */

/* Begin PBXFrameworksBuildPhase section */
		22ABBF1A1F1A020D00685821 /* Frameworks */ = {
			isa = PBXFrameworksBuildPhase;
			buildActionMask = 2147483647;
			files = (
				E485C169901456DD5CFAB25F /* Pods_iOSwifter.framework in Frameworks */,
			);
			runOnlyForDeploymentPostprocessing = 0;
		};
		22ABBF331F1A020D00685821 /* Frameworks */ = {
			isa = PBXFrameworksBuildPhase;
			buildActionMask = 2147483647;
			files = (
			);
			runOnlyForDeploymentPostprocessing = 0;
		};
		22ABBF3E1F1A020D00685821 /* Frameworks */ = {
			isa = PBXFrameworksBuildPhase;
			buildActionMask = 2147483647;
			files = (
			);
			runOnlyForDeploymentPostprocessing = 0;
		};
/* End PBXFrameworksBuildPhase section */

/* Begin PBXGroup section */
		1F53717443081D14D4607BDC /* Pods */ = {
			isa = PBXGroup;
			children = (
				BDDC47E0ACDC6191B3B7EF39 /* Pods-iOSwifter.debug.xcconfig */,
				0E59F1C5EF081091500037A0 /* Pods-iOSwifter.release.xcconfig */,
			);
			name = Pods;
			sourceTree = "<group>";
		};
		22ABBF141F1A020D00685821 = {
			isa = PBXGroup;
			children = (
				22ABBF531F1A031B00685821 /* Tips */,
				22ABBF1F1F1A020D00685821 /* iOSwifter */,
				22ABBF391F1A020D00685821 /* iOSwifterTests */,
				22ABBF441F1A020D00685821 /* iOSwifterUITests */,
				22ABBF1E1F1A020D00685821 /* Products */,
				1F53717443081D14D4607BDC /* Pods */,
				55526ADA535C0FDD4C3CC312 /* Frameworks */,
			);
			sourceTree = "<group>";
		};
		22ABBF1E1F1A020D00685821 /* Products */ = {
			isa = PBXGroup;
			children = (
				22ABBF1D1F1A020D00685821 /* iOSwifter.app */,
				22ABBF361F1A020D00685821 /* iOSwifterTests.xctest */,
				22ABBF411F1A020D00685821 /* iOSwifterUITests.xctest */,
			);
			name = Products;
			sourceTree = "<group>";
		};
		22ABBF1F1F1A020D00685821 /* iOSwifter */ = {
			isa = PBXGroup;
			children = (
				22ABBF5A1F1A038900685821 /* Code */,
				22ABBF5F1F1A038900685821 /* Demo */,
				22ABBF601F1A038900685821 /* Main */,
				22ABBF691F1A038900685821 /* Resource */,
			);
			path = iOSwifter;
			sourceTree = "<group>";
		};
		22ABBF391F1A020D00685821 /* iOSwifterTests */ = {
			isa = PBXGroup;
			children = (
				22ABBF3A1F1A020D00685821 /* iOSwifterTests.m */,
				22ABBF3C1F1A020D00685821 /* Info.plist */,
			);
			path = iOSwifterTests;
			sourceTree = "<group>";
		};
		22ABBF441F1A020D00685821 /* iOSwifterUITests */ = {
			isa = PBXGroup;
			children = (
				22ABBF451F1A020D00685821 /* iOSwifterUITests.m */,
				22ABBF471F1A020D00685821 /* Info.plist */,
			);
			path = iOSwifterUITests;
			sourceTree = "<group>";
		};
		22ABBF531F1A031B00685821 /* Tips */ = {
			isa = PBXGroup;
			children = (
				69ADE6331F1E60A20093FBD3 /* Command.md */,
				22ABBF551F1A031B00685821 /* Main.h */,
				22ABBF561F1A031B00685821 /* MVC.h */,
				22ABBF571F1A031B00685821 /* Runtime.h */,
				22ABBF581F1A031B00685821 /* UIView.h */,
				22ABBF591F1A031B00685821 /* Xcode.h */,
				22ABBF911F1A113200685821 /* Image.h */,
				695998271F1FB44B0013AB9C /* Dev_Skill.md */,
				22B28A751F1DDD1000BA3541 /* DevTool.md */,
				69ADE6351F1E61A50093FBD3 /* Tool_Install.md */,
				22E8EC351F1C99EE00A73727 /* iOS11_Xcode9.md */,
				22ABBF841F1A0F7200685821 /* Swift_Concept.md */,
				69ADE6311F1E5DBA0093FBD3 /* AutoLayout.md */,
				22E8EC171F1C8F2B00A73727 /* RxSwift.md */,
				22E8EC331F1C962C00A73727 /* Optional.swift */,
			);
			path = Tips;
			sourceTree = "<group>";
		};
		22ABBF5A1F1A038900685821 /* Code */ = {
			isa = PBXGroup;
			children = (
				22ABBF8A1F1A104A00685821 /* Categories */,
				22ABBF781F1A04AF00685821 /* AppDelegateServer.h */,
				22ABBF791F1A04AF00685821 /* AppDelegateServer.m */,
				22ABBF7A1F1A04AF00685821 /* ASingletonClass.h */,
				22ABBF7B1F1A04AF00685821 /* ASingletonClass.m */,
				22E8EC311F1C960300A73727 /* Singleton.swift */,
			);
			path = Code;
			sourceTree = "<group>";
		};
		22ABBF5F1F1A038900685821 /* Demo */ = {
			isa = PBXGroup;
			children = (
				22B28A6A1F1DD87800BA3541 /* RxSwift */,
				22E8EC191F1C92E000A73727 /* POP */,
				69AB41B21F1BB07A003913BE /* ReactiveCocoa */,
				22ABBFD01F1A153C00685821 /* Animation */,
				22ABBFF01F1A153C00685821 /* InterfaceBuilder */,
				22ABBFF51F1A153C00685821 /* Sample */,
				22ABBF881F1A101300685821 /* Constant.swift */,
				22ABBF801F1A084F00685821 /* AsyncDisplayKitController.swift */,
				22E8EC2D1F1C958800A73727 /* ListViewController.swift */,
				22ABBF861F1A0FF000685821 /* ZNSQLiteManager.swift */,
			);
			path = Demo;
			sourceTree = "<group>";
		};
		22ABBF601F1A038900685821 /* Main */ = {
			isa = PBXGroup;
			children = (
				22ABBF651F1A038900685821 /* main.m */,
				22ABBF611F1A038900685821 /* AppDelegate.h */,
				22ABBF621F1A038900685821 /* AppDelegate.m */,
				22ABBF671F1A038900685821 /* ViewController.h */,
				22ABBF681F1A038900685821 /* ViewController.m */,
				22ABBF631F1A038900685821 /* Info.plist */,
				22ABBF741F1A03E100685821 /* iOSwifter-Bridging-Header.h */,
				22ABBF771F1A042000685821 /* iOSwifter.pch */,
				22ABBF641F1A038900685821 /* LaunchScreen.storyboard */,
				22ABBF661F1A038900685821 /* Main.storyboard */,
			);
			path = Main;
			sourceTree = "<group>";
		};
		22ABBF691F1A038900685821 /* Resource */ = {
			isa = PBXGroup;
			children = (
				22ABBF7E1F1A051200685821 /* Assets.xcassets */,
			);
			path = Resource;
			sourceTree = "<group>";
		};
		22ABBF8A1F1A104A00685821 /* Categories */ = {
			isa = PBXGroup;
			children = (
				69ADE6371F1E62860093FBD3 /* NSDictionary+XHLogHelper.h */,
				69ADE6381F1E62860093FBD3 /* NSDictionary+XHLogHelper.m */,
				69ADE6391F1E62860093FBD3 /* UIButton+ImageTitleSpacing.h */,
				69ADE63A1F1E62860093FBD3 /* UIButton+ImageTitleSpacing.m */,
				22E8EC2B1F1C94C600A73727 /* UIDevice+ScreenModel.swift */,
				22ABBF8B1F1A104A00685821 /* String+Extension.swift */,
				22ABBF8C1F1A104A00685821 /* UIColor+Extension.swift */,
				22ABBF8D1F1A104A00685821 /* UIView+Extension.swift */,
			);
			path = Categories;
			sourceTree = "<group>";
		};
		22ABBFD01F1A153C00685821 /* Animation */ = {
			isa = PBXGroup;
			children = (
				22ABBFD11F1A153C00685821 /* Animation.md */,
				22ABBFD21F1A153C00685821 /* AnimationController.swift */,
				22ABBFD31F1A153C00685821 /* CABasicAnimationController.swift */,
				22ABBFD41F1A153C00685821 /* CAKeyframeAnimationController.swift */,
				22ABBFD51F1A153C00685821 /* CASpringAnimViewController.swift */,
				22ABBFD61F1A153C00685821 /* CATransitionController.swift */,
				22ABBFD71F1A153C00685821 /* Dynamic */,
				22ABBFEC1F1A153C00685821 /* Image */,
			);
			path = Animation;
			sourceTree = "<group>";
		};
		22ABBFD71F1A153C00685821 /* Dynamic */ = {
			isa = PBXGroup;
			children = (
				22ABBFD81F1A153C00685821 /* Draw */,
				22ABBFE11F1A153C00685821 /* DrawLineController.swift */,
				22ABBFE21F1A153C00685821 /* FireAnimController.swift */,
				22ABBFE31F1A153C00685821 /* Sphere */,
				22ABBFEA1F1A153C00685821 /* WaterWaveController.swift */,
				22ABBFEB1F1A153C00685821 /* WaterWaveView.swift */,
			);
			path = Dynamic;
			sourceTree = "<group>";
		};
		22ABBFD81F1A153C00685821 /* Draw */ = {
			isa = PBXGroup;
			children = (
				22ABBFD91F1A153C00685821 /* CircularView.h */,
				22ABBFDA1F1A153C00685821 /* CircularView.m */,
				22ABBFDB1F1A153C00685821 /* DashLine.h */,
				22ABBFDC1F1A153C00685821 /* DashLine.m */,
				22ABBFDD1F1A153C00685821 /* DrawViewController.h */,
				22ABBFDE1F1A153C00685821 /* DrawViewController.m */,
				22ABBFDF1F1A153C00685821 /* GradientView.h */,
				22ABBFE01F1A153C00685821 /* GradientView.m */,
			);
			path = Draw;
			sourceTree = "<group>";
		};
		22ABBFE31F1A153C00685821 /* Sphere */ = {
			isa = PBXGroup;
			children = (
				22ABBFE41F1A153C00685821 /* SphereClass */,
				22ABBFE91F1A153C00685821 /* ZNSphereController.swift */,
			);
			path = Sphere;
			sourceTree = "<group>";
		};
		22ABBFE41F1A153C00685821 /* SphereClass */ = {
			isa = PBXGroup;
			children = (
				22ABBFE51F1A153C00685821 /* DBMatrix.h */,
				22ABBFE61F1A153C00685821 /* DBPoint.h */,
				22ABBFE71F1A153C00685821 /* DBSphereView.h */,
				22ABBFE81F1A153C00685821 /* DBSphereView.m */,
			);
			path = SphereClass;
			sourceTree = "<group>";
		};
		22ABBFEC1F1A153C00685821 /* Image */ = {
			isa = PBXGroup;
			children = (
				22ABBFED1F1A153C00685821 /* DazFire.png */,
				22ABBFEE1F1A153C00685821 /* from.jpg */,
				22ABBFEF1F1A153C00685821 /* to.jpg */,
			);
			path = Image;
			sourceTree = "<group>";
		};
		22ABBFF01F1A153C00685821 /* InterfaceBuilder */ = {
			isa = PBXGroup;
			children = (
				22ABBFF11F1A153C00685821 /* Interface.storyboard */,
				22ABBFF21F1A153C00685821 /* InterfaceController.swift */,
				22ABBFF31F1A153C00685821 /* InterfaceDetailController.storyboard */,
				22ABBFF41F1A153C00685821 /* InterfaceDetailController.swift */,
			);
			path = InterfaceBuilder;
			sourceTree = "<group>";
		};
		22ABBFF51F1A153C00685821 /* Sample */ = {
			isa = PBXGroup;
			children = (
				22ABBFF61F1A153C00685821 /* Controller */,
				22ABBFFB1F1A153C00685821 /* Model */,
				22ABC0001F1A153C00685821 /* View */,
			);
			path = Sample;
			sourceTree = "<group>";
		};
		22ABBFF61F1A153C00685821 /* Controller */ = {
			isa = PBXGroup;
			children = (
				22ABBFF71F1A153C00685821 /* Swift.storyboard */,
				22ABBFF81F1A153C00685821 /* ZNSwiftTableViewController.swift */,
				22ABBFF91F1A153C00685821 /* ZNTabBarController.h */,
				22ABBFFA1F1A153C00685821 /* ZNTabBarController.m */,
			);
			path = Controller;
			sourceTree = "<group>";
		};
		22ABBFFB1F1A153C00685821 /* Model */ = {
			isa = PBXGroup;
			children = (
				22ABBFFC1F1A153C00685821 /* BaseModel.swift */,
				22ABBFFD1F1A153C00685821 /* ObjcDescription.swift */,
				22ABBFFE1F1A153C00685821 /* SampleModel.swift */,
				22ABBFFF1F1A153C00685821 /* SwiftDescription.swift */,
			);
			path = Model;
			sourceTree = "<group>";
		};
		22ABC0001F1A153C00685821 /* View */ = {
			isa = PBXGroup;
			children = (
				22ABC0011F1A153C00685821 /* ZNIBDesignableView.h */,
				22ABC0021F1A153C00685821 /* ZNIBDesignableView.m */,
			);
			path = View;
			sourceTree = "<group>";
		};
		22B28A6A1F1DD87800BA3541 /* RxSwift */ = {
			isa = PBXGroup;
			children = (
				22B28A6B1F1DD87800BA3541 /* RxConceptController.swift */,
				22B28A6C1F1DD87800BA3541 /* RxTableViewCell.swift */,
				22B28A6D1F1DD87800BA3541 /* RxTableViewController.swift */,
				22B28A6E1F1DD87800BA3541 /* RxUser.swift */,
				22B28A6F1F1DD87800BA3541 /* RxViewModel.swift */,
			);
			path = RxSwift;
			sourceTree = "<group>";
		};
		22E8EC191F1C92E000A73727 /* POP */ = {
			isa = PBXGroup;
			children = (
				22E8EC1C1F1C92E000A73727 /* POPViewController.swift */,
				22E8EC1A1F1C92E000A73727 /* POPReusableView.swift */,
				22E8EC1B1F1C92E000A73727 /* POPShakeable.swift */,
				22E8EC1D1F1C92E000A73727 /* POPViewController.xib */,
			);
			path = POP;
			sourceTree = "<group>";
		};
		55526ADA535C0FDD4C3CC312 /* Frameworks */ = {
			isa = PBXGroup;
			children = (
				FC9ED517C575AD5E28966542 /* Pods_iOSwifter.framework */,
			);
			name = Frameworks;
			sourceTree = "<group>";
		};
		69AB41B21F1BB07A003913BE /* ReactiveCocoa */ = {
			isa = PBXGroup;
			children = (
				69AB41B31F1BB329003913BE /* Controllers */,
				69AB41B61F1BB32A003913BE /* Models */,
				69AB41B91F1BB32A003913BE /* ViewModels */,
				69AB41BC1F1BB32A003913BE /* Views */,
			);
			path = ReactiveCocoa;
			sourceTree = "<group>";
		};
		69AB41B31F1BB329003913BE /* Controllers */ = {
			isa = PBXGroup;
			children = (
				69AB41B41F1BB329003913BE /* RACSampleViewController.h */,
				69AB41B51F1BB32A003913BE /* RACSampleViewController.m */,
			);
			path = Controllers;
			sourceTree = "<group>";
		};
		69AB41B61F1BB32A003913BE /* Models */ = {
			isa = PBXGroup;
			children = (
				69AB41B71F1BB32A003913BE /* RACSampleModel.h */,
				69AB41B81F1BB32A003913BE /* RACSampleModel.m */,
			);
			path = Models;
			sourceTree = "<group>";
		};
		69AB41B91F1BB32A003913BE /* ViewModels */ = {
			isa = PBXGroup;
			children = (
				69AB41BA1F1BB32A003913BE /* RACSampleViewModel.h */,
				69AB41BB1F1BB32A003913BE /* RACSampleViewModel.m */,
			);
			path = ViewModels;
			sourceTree = "<group>";
		};
		69AB41BC1F1BB32A003913BE /* Views */ = {
			isa = PBXGroup;
			children = (
				69AB41BD1F1BB32A003913BE /* RACSampleView.h */,
				69AB41BE1F1BB32A003913BE /* RACSampleView.m */,
			);
			path = Views;
			sourceTree = "<group>";
		};
/* End PBXGroup section */

/* Begin PBXNativeTarget section */
		22ABBF1C1F1A020D00685821 /* iOSwifter */ = {
			isa = PBXNativeTarget;
			buildConfigurationList = 22ABBF4A1F1A020D00685821 /* Build configuration list for PBXNativeTarget "iOSwifter" */;
			buildPhases = (
				4C30750D6E52C920AE47E324 /* [CP] Check Pods Manifest.lock */,
				22ABBF191F1A020D00685821 /* Sources */,
				22ABBF1A1F1A020D00685821 /* Frameworks */,
				22ABBF1B1F1A020D00685821 /* Resources */,
				ECC17066672EA1671375D09F /* [CP] Embed Pods Frameworks */,
				15CF6608864BF63025CA4B7C /* [CP] Copy Pods Resources */,
			);
			buildRules = (
			);
			dependencies = (
			);
			name = iOSwifter;
			productName = iOSwifter;
			productReference = 22ABBF1D1F1A020D00685821 /* iOSwifter.app */;
			productType = "com.apple.product-type.application";
		};
		22ABBF351F1A020D00685821 /* iOSwifterTests */ = {
			isa = PBXNativeTarget;
			buildConfigurationList = 22ABBF4D1F1A020D00685821 /* Build configuration list for PBXNativeTarget "iOSwifterTests" */;
			buildPhases = (
				22ABBF321F1A020D00685821 /* Sources */,
				22ABBF331F1A020D00685821 /* Frameworks */,
				22ABBF341F1A020D00685821 /* Resources */,
			);
			buildRules = (
			);
			dependencies = (
				22ABBF381F1A020D00685821 /* PBXTargetDependency */,
			);
			name = iOSwifterTests;
			productName = iOSwifterTests;
			productReference = 22ABBF361F1A020D00685821 /* iOSwifterTests.xctest */;
			productType = "com.apple.product-type.bundle.unit-test";
		};
		22ABBF401F1A020D00685821 /* iOSwifterUITests */ = {
			isa = PBXNativeTarget;
			buildConfigurationList = 22ABBF501F1A020D00685821 /* Build configuration list for PBXNativeTarget "iOSwifterUITests" */;
			buildPhases = (
				22ABBF3D1F1A020D00685821 /* Sources */,
				22ABBF3E1F1A020D00685821 /* Frameworks */,
				22ABBF3F1F1A020D00685821 /* Resources */,
			);
			buildRules = (
			);
			dependencies = (
				22ABBF431F1A020D00685821 /* PBXTargetDependency */,
			);
			name = iOSwifterUITests;
			productName = iOSwifterUITests;
			productReference = 22ABBF411F1A020D00685821 /* iOSwifterUITests.xctest */;
			productType = "com.apple.product-type.bundle.ui-testing";
		};
/* End PBXNativeTarget section */

/* Begin PBXProject section */
		22ABBF151F1A020D00685821 /* Project object */ = {
			isa = PBXProject;
			attributes = {
				LastUpgradeCheck = 0830;
				ORGANIZATIONNAME = iOSwifter;
				TargetAttributes = {
					22ABBF1C1F1A020D00685821 = {
						CreatedOnToolsVersion = 8.3.2;
						DevelopmentTeam = DZNJ4F4E32;
						LastSwiftMigration = 0830;
						ProvisioningStyle = Automatic;
					};
					22ABBF351F1A020D00685821 = {
						CreatedOnToolsVersion = 8.3.2;
						DevelopmentTeam = DZNJ4F4E32;
						ProvisioningStyle = Automatic;
						TestTargetID = 22ABBF1C1F1A020D00685821;
					};
					22ABBF401F1A020D00685821 = {
						CreatedOnToolsVersion = 8.3.2;
						DevelopmentTeam = DZNJ4F4E32;
						ProvisioningStyle = Automatic;
						TestTargetID = 22ABBF1C1F1A020D00685821;
					};
				};
			};
			buildConfigurationList = 22ABBF181F1A020D00685821 /* Build configuration list for PBXProject "iOSwifter" */;
			compatibilityVersion = "Xcode 3.2";
			developmentRegion = English;
			hasScannedForEncodings = 0;
			knownRegions = (
				en,
				Base,
			);
			mainGroup = 22ABBF141F1A020D00685821;
			productRefGroup = 22ABBF1E1F1A020D00685821 /* Products */;
			projectDirPath = "";
			projectRoot = "";
			targets = (
				22ABBF1C1F1A020D00685821 /* iOSwifter */,
				22ABBF351F1A020D00685821 /* iOSwifterTests */,
				22ABBF401F1A020D00685821 /* iOSwifterUITests */,
			);
		};
/* End PBXProject section */

/* Begin PBXResourcesBuildPhase section */
		22ABBF1B1F1A020D00685821 /* Resources */ = {
			isa = PBXResourcesBuildPhase;
			buildActionMask = 2147483647;
			files = (
				22ABC01A1F1A153C00685821 /* Swift.storyboard in Resources */,
				22ABC0131F1A153C00685821 /* DazFire.png in Resources */,
				22ABC0181F1A153C00685821 /* InterfaceDetailController.storyboard in Resources */,
				22ABC0141F1A153C00685821 /* from.jpg in Resources */,
				22ABBF711F1A038900685821 /* Main.storyboard in Resources */,
				22ABBF6E1F1A038900685821 /* Info.plist in Resources */,
				22E8EC211F1C92E000A73727 /* POPViewController.xib in Resources */,
				22ABC0161F1A153C00685821 /* Interface.storyboard in Resources */,
				22ABC0151F1A153C00685821 /* to.jpg in Resources */,
				22ABBF7F1F1A051200685821 /* Assets.xcassets in Resources */,
				22ABBF6F1F1A038900685821 /* LaunchScreen.storyboard in Resources */,
			);
			runOnlyForDeploymentPostprocessing = 0;
		};
		22ABBF341F1A020D00685821 /* Resources */ = {
			isa = PBXResourcesBuildPhase;
			buildActionMask = 2147483647;
			files = (
			);
			runOnlyForDeploymentPostprocessing = 0;
		};
		22ABBF3F1F1A020D00685821 /* Resources */ = {
			isa = PBXResourcesBuildPhase;
			buildActionMask = 2147483647;
			files = (
			);
			runOnlyForDeploymentPostprocessing = 0;
		};
/* End PBXResourcesBuildPhase section */

/* Begin PBXShellScriptBuildPhase section */
		15CF6608864BF63025CA4B7C /* [CP] Copy Pods Resources */ = {
			isa = PBXShellScriptBuildPhase;
			buildActionMask = 2147483647;
			files = (
			);
			inputPaths = (
			);
			name = "[CP] Copy Pods Resources";
			outputPaths = (
			);
			runOnlyForDeploymentPostprocessing = 0;
			shellPath = /bin/sh;
			shellScript = "\"${SRCROOT}/Pods/Target Support Files/Pods-iOSwifter/Pods-iOSwifter-resources.sh\"\n";
			showEnvVarsInLog = 0;
		};
		4C30750D6E52C920AE47E324 /* [CP] Check Pods Manifest.lock */ = {
			isa = PBXShellScriptBuildPhase;
			buildActionMask = 2147483647;
			files = (
			);
			inputPaths = (
			);
			name = "[CP] Check Pods Manifest.lock";
			outputPaths = (
			);
			runOnlyForDeploymentPostprocessing = 0;
			shellPath = /bin/sh;
			shellScript = "diff \"${PODS_PODFILE_DIR_PATH}/Podfile.lock\" \"${PODS_ROOT}/Manifest.lock\" > /dev/null\nif [ $? != 0 ] ; then\n    # print error to STDERR\n    echo \"error: The sandbox is not in sync with the Podfile.lock. Run 'pod install' or update your CocoaPods installation.\" >&2\n    exit 1\nfi\n";
			showEnvVarsInLog = 0;
		};
		ECC17066672EA1671375D09F /* [CP] Embed Pods Frameworks */ = {
			isa = PBXShellScriptBuildPhase;
			buildActionMask = 2147483647;
			files = (
			);
			inputPaths = (
			);
			name = "[CP] Embed Pods Frameworks";
			outputPaths = (
			);
			runOnlyForDeploymentPostprocessing = 0;
			shellPath = /bin/sh;
			shellScript = "\"${SRCROOT}/Pods/Target Support Files/Pods-iOSwifter/Pods-iOSwifter-frameworks.sh\"\n";
			showEnvVarsInLog = 0;
		};
/* End PBXShellScriptBuildPhase section */

/* Begin PBXSourcesBuildPhase section */
		22ABBF191F1A020D00685821 /* Sources */ = {
			isa = PBXSourcesBuildPhase;
			buildActionMask = 2147483647;
			files = (
				22B28A761F1DDD1000BA3541 /* DevTool.md in Sources */,
				22ABC0091F1A153C00685821 /* CircularView.m in Sources */,
				69AB41C11F1BB32A003913BE /* RACSampleViewModel.m in Sources */,
				22ABBF811F1A084F00685821 /* AsyncDisplayKitController.swift in Sources */,
				22E8EC2C1F1C94C600A73727 /* UIDevice+ScreenModel.swift in Sources */,
				22ABC0191F1A153C00685821 /* InterfaceDetailController.swift in Sources */,
				22E8EC201F1C92E000A73727 /* POPViewController.swift in Sources */,
				22ABC0051F1A153C00685821 /* CABasicAnimationController.swift in Sources */,
				22ABC00A1F1A153C00685821 /* DashLine.m in Sources */,
				69ADE63B1F1E62860093FBD3 /* NSDictionary+XHLogHelper.m in Sources */,
				22B28A721F1DD87800BA3541 /* RxTableViewController.swift in Sources */,
				22ABC01F1F1A153C00685821 /* SampleModel.swift in Sources */,
				22ABC00E1F1A153C00685821 /* FireAnimController.swift in Sources */,
				22ABC00D1F1A153C00685821 /* DrawLineController.swift in Sources */,
				22B28A701F1DD87800BA3541 /* RxConceptController.swift in Sources */,
				22ABC0211F1A153C00685821 /* ZNIBDesignableView.m in Sources */,
				22ABC00B1F1A153C00685821 /* DrawViewController.m in Sources */,
				22ABBF901F1A104A00685821 /* UIView+Extension.swift in Sources */,
				695998281F1FB44B0013AB9C /* Dev_Skill.md in Sources */,
				69ADE63C1F1E62860093FBD3 /* UIButton+ImageTitleSpacing.m in Sources */,
				22ABC01D1F1A153C00685821 /* BaseModel.swift in Sources */,
				22E8EC2E1F1C958800A73727 /* ListViewController.swift in Sources */,
				69AB41C01F1BB32A003913BE /* RACSampleModel.m in Sources */,
				22ABBF8E1F1A104A00685821 /* String+Extension.swift in Sources */,
				22ABC0171F1A153C00685821 /* InterfaceController.swift in Sources */,
				69AB41C21F1BB32A003913BE /* RACSampleView.m in Sources */,
				22ABBF7D1F1A04AF00685821 /* ASingletonClass.m in Sources */,
				22B28A731F1DD87800BA3541 /* RxUser.swift in Sources */,
				22ABC01E1F1A153C00685821 /* ObjcDescription.swift in Sources */,
				22ABC0081F1A153C00685821 /* CATransitionController.swift in Sources */,
				22E8EC321F1C960300A73727 /* Singleton.swift in Sources */,
				22B28A741F1DD87800BA3541 /* RxViewModel.swift in Sources */,
				22ABC00C1F1A153C00685821 /* GradientView.m in Sources */,
				22ABBF8F1F1A104A00685821 /* UIColor+Extension.swift in Sources */,
				22E8EC341F1C962C00A73727 /* Optional.swift in Sources */,
				69ADE6361F1E61A50093FBD3 /* Tool_Install.md in Sources */,
				22ABBF701F1A038900685821 /* main.m in Sources */,
				22ABC0041F1A153C00685821 /* AnimationController.swift in Sources */,
				22ABBF871F1A0FF000685821 /* ZNSQLiteManager.swift in Sources */,
				69ADE6341F1E60A20093FBD3 /* Command.md in Sources */,
				22ABC0031F1A153C00685821 /* Animation.md in Sources */,
				69ADE6321F1E5DBA0093FBD3 /* AutoLayout.md in Sources */,
				22ABC0111F1A153C00685821 /* WaterWaveController.swift in Sources */,
				22ABBF7C1F1A04AF00685821 /* AppDelegateServer.m in Sources */,
				22E8EC1F1F1C92E000A73727 /* POPShakeable.swift in Sources */,
				22E8EC361F1C99EE00A73727 /* iOS11_Xcode9.md in Sources */,
				69AB41BF1F1BB32A003913BE /* RACSampleViewController.m in Sources */,
				22ABBF6D1F1A038900685821 /* AppDelegate.m in Sources */,
				22ABBF891F1A101300685821 /* Constant.swift in Sources */,
				22ABC0101F1A153C00685821 /* ZNSphereController.swift in Sources */,
				22ABC0071F1A153C00685821 /* CASpringAnimViewController.swift in Sources */,
				22B28A711F1DD87800BA3541 /* RxTableViewCell.swift in Sources */,
				22ABC0121F1A153C00685821 /* WaterWaveView.swift in Sources */,
				22ABC01B1F1A153C00685821 /* ZNSwiftTableViewController.swift in Sources */,
				22ABC01C1F1A153C00685821 /* ZNTabBarController.m in Sources */,
				22ABBF721F1A038900685821 /* ViewController.m in Sources */,
				22ABC0201F1A153C00685821 /* SwiftDescription.swift in Sources */,
				22E8EC181F1C8F2B00A73727 /* RxSwift.md in Sources */,
				22ABC00F1F1A153C00685821 /* DBSphereView.m in Sources */,
				22ABC0061F1A153C00685821 /* CAKeyframeAnimationController.swift in Sources */,
				22E8EC1E1F1C92E000A73727 /* POPReusableView.swift in Sources */,
				22ABBF851F1A0F7200685821 /* Swift_Concept.md in Sources */,
			);
			runOnlyForDeploymentPostprocessing = 0;
		};
		22ABBF321F1A020D00685821 /* Sources */ = {
			isa = PBXSourcesBuildPhase;
			buildActionMask = 2147483647;
			files = (
				22ABBF3B1F1A020D00685821 /* iOSwifterTests.m in Sources */,
			);
			runOnlyForDeploymentPostprocessing = 0;
		};
		22ABBF3D1F1A020D00685821 /* Sources */ = {
			isa = PBXSourcesBuildPhase;
			buildActionMask = 2147483647;
			files = (
				22ABBF461F1A020D00685821 /* iOSwifterUITests.m in Sources */,
			);
			runOnlyForDeploymentPostprocessing = 0;
		};
/* End PBXSourcesBuildPhase section */

/* Begin PBXTargetDependency section */
		22ABBF381F1A020D00685821 /* PBXTargetDependency */ = {
			isa = PBXTargetDependency;
			target = 22ABBF1C1F1A020D00685821 /* iOSwifter */;
			targetProxy = 22ABBF371F1A020D00685821 /* PBXContainerItemProxy */;
		};
		22ABBF431F1A020D00685821 /* PBXTargetDependency */ = {
			isa = PBXTargetDependency;
			target = 22ABBF1C1F1A020D00685821 /* iOSwifter */;
			targetProxy = 22ABBF421F1A020D00685821 /* PBXContainerItemProxy */;
		};
/* End PBXTargetDependency section */

/* Begin XCBuildConfiguration section */
		22ABBF481F1A020D00685821 /* Debug */ = {
			isa = XCBuildConfiguration;
			buildSettings = {
				ALWAYS_SEARCH_USER_PATHS = NO;
				CLANG_ANALYZER_NONNULL = YES;
				CLANG_ANALYZER_NUMBER_OBJECT_CONVERSION = YES_AGGRESSIVE;
				CLANG_CXX_LANGUAGE_STANDARD = "gnu++0x";
				CLANG_CXX_LIBRARY = "libc++";
				CLANG_ENABLE_MODULES = YES;
				CLANG_ENABLE_OBJC_ARC = YES;
				CLANG_WARN_BOOL_CONVERSION = YES;
				CLANG_WARN_CONSTANT_CONVERSION = YES;
				CLANG_WARN_DIRECT_OBJC_ISA_USAGE = YES_ERROR;
				CLANG_WARN_DOCUMENTATION_COMMENTS = YES;
				CLANG_WARN_EMPTY_BODY = YES;
				CLANG_WARN_ENUM_CONVERSION = YES;
				CLANG_WARN_INFINITE_RECURSION = YES;
				CLANG_WARN_INT_CONVERSION = YES;
				CLANG_WARN_OBJC_ROOT_CLASS = YES_ERROR;
				CLANG_WARN_SUSPICIOUS_MOVE = YES;
				CLANG_WARN_UNREACHABLE_CODE = YES;
				CLANG_WARN__DUPLICATE_METHOD_MATCH = YES;
				"CODE_SIGN_IDENTITY[sdk=iphoneos*]" = "iPhone Developer";
				COPY_PHASE_STRIP = NO;
				DEBUG_INFORMATION_FORMAT = dwarf;
				ENABLE_STRICT_OBJC_MSGSEND = YES;
				ENABLE_TESTABILITY = YES;
				GCC_C_LANGUAGE_STANDARD = gnu99;
				GCC_DYNAMIC_NO_PIC = NO;
				GCC_NO_COMMON_BLOCKS = YES;
				GCC_OPTIMIZATION_LEVEL = 0;
				GCC_PREPROCESSOR_DEFINITIONS = (
					"DEBUG=1",
					"$(inherited)",
				);
				GCC_WARN_64_TO_32_BIT_CONVERSION = YES;
				GCC_WARN_ABOUT_RETURN_TYPE = YES_ERROR;
				GCC_WARN_UNDECLARED_SELECTOR = YES;
				GCC_WARN_UNINITIALIZED_AUTOS = YES_AGGRESSIVE;
				GCC_WARN_UNUSED_FUNCTION = YES;
				GCC_WARN_UNUSED_VARIABLE = YES;
				IPHONEOS_DEPLOYMENT_TARGET = 10.3;
				MTL_ENABLE_DEBUG_INFO = YES;
				ONLY_ACTIVE_ARCH = YES;
				SDKROOT = iphoneos;
			};
			name = Debug;
		};
		22ABBF491F1A020D00685821 /* Release */ = {
			isa = XCBuildConfiguration;
			buildSettings = {
				ALWAYS_SEARCH_USER_PATHS = NO;
				CLANG_ANALYZER_NONNULL = YES;
				CLANG_ANALYZER_NUMBER_OBJECT_CONVERSION = YES_AGGRESSIVE;
				CLANG_CXX_LANGUAGE_STANDARD = "gnu++0x";
				CLANG_CXX_LIBRARY = "libc++";
				CLANG_ENABLE_MODULES = YES;
				CLANG_ENABLE_OBJC_ARC = YES;
				CLANG_WARN_BOOL_CONVERSION = YES;
				CLANG_WARN_CONSTANT_CONVERSION = YES;
				CLANG_WARN_DIRECT_OBJC_ISA_USAGE = YES_ERROR;
				CLANG_WARN_DOCUMENTATION_COMMENTS = YES;
				CLANG_WARN_EMPTY_BODY = YES;
				CLANG_WARN_ENUM_CONVERSION = YES;
				CLANG_WARN_INFINITE_RECURSION = YES;
				CLANG_WARN_INT_CONVERSION = YES;
				CLANG_WARN_OBJC_ROOT_CLASS = YES_ERROR;
				CLANG_WARN_SUSPICIOUS_MOVE = YES;
				CLANG_WARN_UNREACHABLE_CODE = YES;
				CLANG_WARN__DUPLICATE_METHOD_MATCH = YES;
				"CODE_SIGN_IDENTITY[sdk=iphoneos*]" = "iPhone Developer";
				COPY_PHASE_STRIP = NO;
				DEBUG_INFORMATION_FORMAT = "dwarf-with-dsym";
				ENABLE_NS_ASSERTIONS = NO;
				ENABLE_STRICT_OBJC_MSGSEND = YES;
				GCC_C_LANGUAGE_STANDARD = gnu99;
				GCC_NO_COMMON_BLOCKS = YES;
				GCC_WARN_64_TO_32_BIT_CONVERSION = YES;
				GCC_WARN_ABOUT_RETURN_TYPE = YES_ERROR;
				GCC_WARN_UNDECLARED_SELECTOR = YES;
				GCC_WARN_UNINITIALIZED_AUTOS = YES_AGGRESSIVE;
				GCC_WARN_UNUSED_FUNCTION = YES;
				GCC_WARN_UNUSED_VARIABLE = YES;
				IPHONEOS_DEPLOYMENT_TARGET = 10.3;
				MTL_ENABLE_DEBUG_INFO = NO;
				SDKROOT = iphoneos;
				VALIDATE_PRODUCT = YES;
			};
			name = Release;
		};
		22ABBF4B1F1A020D00685821 /* Debug */ = {
			isa = XCBuildConfiguration;
			baseConfigurationReference = BDDC47E0ACDC6191B3B7EF39 /* Pods-iOSwifter.debug.xcconfig */;
			buildSettings = {
				ASSETCATALOG_COMPILER_APPICON_NAME = AppIcon;
				CLANG_ENABLE_MODULES = YES;
				DEVELOPMENT_TEAM = DZNJ4F4E32;
				FRAMEWORK_SEARCH_PATHS = (
					"$(inherited)",
					"\"$PODS_CONFIGURATION_BUILD_DIR/Alamofire\"",
					"\"$PODS_CONFIGURATION_BUILD_DIR/AlamofireImage\"",
					"\"$PODS_CONFIGURATION_BUILD_DIR/FMDB\"",
					"\"$PODS_CONFIGURATION_BUILD_DIR/IQKeyboardManagerSwift\"",
					"\"$PODS_CONFIGURATION_BUILD_DIR/JLRoutes\"",
					"\"$PODS_CONFIGURATION_BUILD_DIR/Masonry\"",
					"\"$PODS_CONFIGURATION_BUILD_DIR/Moya\"",
					"\"$PODS_CONFIGURATION_BUILD_DIR/PINCache\"",
					"\"$PODS_CONFIGURATION_BUILD_DIR/PINOperation\"",
					"\"$PODS_CONFIGURATION_BUILD_DIR/PINRemoteImage\"",
					"\"$PODS_CONFIGURATION_BUILD_DIR/R.swift.Library\"",
					"\"$PODS_CONFIGURATION_BUILD_DIR/ReSwift\"",
					"\"$PODS_CONFIGURATION_BUILD_DIR/ReactiveCocoa\"",
					"\"$PODS_CONFIGURATION_BUILD_DIR/Result\"",
					"\"$PODS_CONFIGURATION_BUILD_DIR/RxCocoa\"",
					"\"$PODS_CONFIGURATION_BUILD_DIR/RxDataSources\"",
					"\"$PODS_CONFIGURATION_BUILD_DIR/RxSwift\"",
					"\"$PODS_CONFIGURATION_BUILD_DIR/SnapKit\"",
					"\"$PODS_CONFIGURATION_BUILD_DIR/SwiftyJSON\"",
					"\"$PODS_CONFIGURATION_BUILD_DIR/Texture\"",
					"\"$PODS_CONFIGURATION_BUILD_DIR/WCDB\"",
					"$(SRCROOT)/Carthage/Build/iOS",
				);
				GCC_PRECOMPILE_PREFIX_HEADER = YES;
				GCC_PREFIX_HEADER = "$(SRCROOT)/iOSwifter/Main/iOSwifter.pch";
				INFOPLIST_FILE = "$(SRCROOT)/iOSwifter/Main/Info.plist";
				LD_RUNPATH_SEARCH_PATHS = "$(inherited) @executable_path/Frameworks";
				PRODUCT_BUNDLE_IDENTIFIER = com.iSeen.iOSwifter;
				PRODUCT_NAME = "$(TARGET_NAME)";
				SWIFT_OBJC_BRIDGING_HEADER = "iOSwifter/Main/iOSwifter-Bridging-Header.h";
				SWIFT_OPTIMIZATION_LEVEL = "-Onone";
				SWIFT_VERSION = 3.0;
				USER_HEADER_SEARCH_PATHS = "";
			};
			name = Debug;
		};
		22ABBF4C1F1A020D00685821 /* Release */ = {
			isa = XCBuildConfiguration;
			baseConfigurationReference = 0E59F1C5EF081091500037A0 /* Pods-iOSwifter.release.xcconfig */;
			buildSettings = {
				ASSETCATALOG_COMPILER_APPICON_NAME = AppIcon;
				CLANG_ENABLE_MODULES = YES;
				DEVELOPMENT_TEAM = DZNJ4F4E32;
				FRAMEWORK_SEARCH_PATHS = (
					"$(inherited)",
					"\"$PODS_CONFIGURATION_BUILD_DIR/Alamofire\"",
					"\"$PODS_CONFIGURATION_BUILD_DIR/AlamofireImage\"",
					"\"$PODS_CONFIGURATION_BUILD_DIR/FMDB\"",
					"\"$PODS_CONFIGURATION_BUILD_DIR/IQKeyboardManagerSwift\"",
					"\"$PODS_CONFIGURATION_BUILD_DIR/JLRoutes\"",
					"\"$PODS_CONFIGURATION_BUILD_DIR/Masonry\"",
					"\"$PODS_CONFIGURATION_BUILD_DIR/Moya\"",
					"\"$PODS_CONFIGURATION_BUILD_DIR/PINCache\"",
					"\"$PODS_CONFIGURATION_BUILD_DIR/PINOperation\"",
					"\"$PODS_CONFIGURATION_BUILD_DIR/PINRemoteImage\"",
					"\"$PODS_CONFIGURATION_BUILD_DIR/R.swift.Library\"",
					"\"$PODS_CONFIGURATION_BUILD_DIR/ReSwift\"",
					"\"$PODS_CONFIGURATION_BUILD_DIR/ReactiveCocoa\"",
					"\"$PODS_CONFIGURATION_BUILD_DIR/Result\"",
					"\"$PODS_CONFIGURATION_BUILD_DIR/RxCocoa\"",
					"\"$PODS_CONFIGURATION_BUILD_DIR/RxDataSources\"",
					"\"$PODS_CONFIGURATION_BUILD_DIR/RxSwift\"",
					"\"$PODS_CONFIGURATION_BUILD_DIR/SnapKit\"",
					"\"$PODS_CONFIGURATION_BUILD_DIR/SwiftyJSON\"",
					"\"$PODS_CONFIGURATION_BUILD_DIR/Texture\"",
					"\"$PODS_CONFIGURATION_BUILD_DIR/WCDB\"",
					"$(SRCROOT)/Carthage/Build/iOS",
				);
				GCC_PRECOMPILE_PREFIX_HEADER = YES;
				GCC_PREFIX_HEADER = "$(SRCROOT)/iOSwifter/Main/iOSwifter.pch";
				INFOPLIST_FILE = "$(SRCROOT)/iOSwifter/Main/Info.plist";
				LD_RUNPATH_SEARCH_PATHS = "$(inherited) @executable_path/Frameworks";
				PRODUCT_BUNDLE_IDENTIFIER = com.iSeen.iOSwifter;
				PRODUCT_NAME = "$(TARGET_NAME)";
				SWIFT_OBJC_BRIDGING_HEADER = "iOSwifter/Main/iOSwifter-Bridging-Header.h";
				SWIFT_VERSION = 3.0;
				USER_HEADER_SEARCH_PATHS = "";
			};
			name = Release;
		};
		22ABBF4E1F1A020D00685821 /* Debug */ = {
			isa = XCBuildConfiguration;
			buildSettings = {
				ALWAYS_EMBED_SWIFT_STANDARD_LIBRARIES = YES;
				BUNDLE_LOADER = "$(TEST_HOST)";
				DEVELOPMENT_TEAM = DZNJ4F4E32;
				INFOPLIST_FILE = iOSwifterTests/Info.plist;
				LD_RUNPATH_SEARCH_PATHS = "$(inherited) @executable_path/Frameworks @loader_path/Frameworks";
				PRODUCT_BUNDLE_IDENTIFIER = com.iSeen.iOSwifterTests;
				PRODUCT_NAME = "$(TARGET_NAME)";
				TEST_HOST = "$(BUILT_PRODUCTS_DIR)/iOSwifter.app/iOSwifter";
			};
			name = Debug;
		};
		22ABBF4F1F1A020D00685821 /* Release */ = {
			isa = XCBuildConfiguration;
			buildSettings = {
				ALWAYS_EMBED_SWIFT_STANDARD_LIBRARIES = YES;
				BUNDLE_LOADER = "$(TEST_HOST)";
				DEVELOPMENT_TEAM = DZNJ4F4E32;
				INFOPLIST_FILE = iOSwifterTests/Info.plist;
				LD_RUNPATH_SEARCH_PATHS = "$(inherited) @executable_path/Frameworks @loader_path/Frameworks";
				PRODUCT_BUNDLE_IDENTIFIER = com.iSeen.iOSwifterTests;
				PRODUCT_NAME = "$(TARGET_NAME)";
				TEST_HOST = "$(BUILT_PRODUCTS_DIR)/iOSwifter.app/iOSwifter";
			};
			name = Release;
		};
		22ABBF511F1A020D00685821 /* Debug */ = {
			isa = XCBuildConfiguration;
			buildSettings = {
				ALWAYS_EMBED_SWIFT_STANDARD_LIBRARIES = YES;
				DEVELOPMENT_TEAM = DZNJ4F4E32;
				INFOPLIST_FILE = iOSwifterUITests/Info.plist;
				LD_RUNPATH_SEARCH_PATHS = "$(inherited) @executable_path/Frameworks @loader_path/Frameworks";
				PRODUCT_BUNDLE_IDENTIFIER = com.iSeen.iOSwifterUITests;
				PRODUCT_NAME = "$(TARGET_NAME)";
				TEST_TARGET_NAME = iOSwifter;
			};
			name = Debug;
		};
		22ABBF521F1A020D00685821 /* Release */ = {
			isa = XCBuildConfiguration;
			buildSettings = {
				ALWAYS_EMBED_SWIFT_STANDARD_LIBRARIES = YES;
				DEVELOPMENT_TEAM = DZNJ4F4E32;
				INFOPLIST_FILE = iOSwifterUITests/Info.plist;
				LD_RUNPATH_SEARCH_PATHS = "$(inherited) @executable_path/Frameworks @loader_path/Frameworks";
				PRODUCT_BUNDLE_IDENTIFIER = com.iSeen.iOSwifterUITests;
				PRODUCT_NAME = "$(TARGET_NAME)";
				TEST_TARGET_NAME = iOSwifter;
			};
			name = Release;
		};
/* End XCBuildConfiguration section */

/* Begin XCConfigurationList section */
		22ABBF181F1A020D00685821 /* Build configuration list for PBXProject "iOSwifter" */ = {
			isa = XCConfigurationList;
			buildConfigurations = (
				22ABBF481F1A020D00685821 /* Debug */,
				22ABBF491F1A020D00685821 /* Release */,
			);
			defaultConfigurationIsVisible = 0;
			defaultConfigurationName = Release;
		};
		22ABBF4A1F1A020D00685821 /* Build configuration list for PBXNativeTarget "iOSwifter" */ = {
			isa = XCConfigurationList;
			buildConfigurations = (
				22ABBF4B1F1A020D00685821 /* Debug */,
				22ABBF4C1F1A020D00685821 /* Release */,
			);
			defaultConfigurationIsVisible = 0;
			defaultConfigurationName = Release;
		};
		22ABBF4D1F1A020D00685821 /* Build configuration list for PBXNativeTarget "iOSwifterTests" */ = {
			isa = XCConfigurationList;
			buildConfigurations = (
				22ABBF4E1F1A020D00685821 /* Debug */,
				22ABBF4F1F1A020D00685821 /* Release */,
			);
			defaultConfigurationIsVisible = 0;
			defaultConfigurationName = Release;
		};
		22ABBF501F1A020D00685821 /* Build configuration list for PBXNativeTarget "iOSwifterUITests" */ = {
			isa = XCConfigurationList;
			buildConfigurations = (
				22ABBF511F1A020D00685821 /* Debug */,
				22ABBF521F1A020D00685821 /* Release */,
			);
			defaultConfigurationIsVisible = 0;
			defaultConfigurationName = Release;
		};
/* End XCConfigurationList section */
	};
	rootObject = 22ABBF151F1A020D00685821 /* Project object */;
}
